<?xml version="1.0" encoding="UTF-8"?>
<CodeBlocks_project_file>
	<FileVersion major="1" minor="6"/>
	<Project>
		<Option title="testing_cpp_code"/>
		<Option makefile_is_custom="1"/>
		<Option compiler="gcc"/>
		<Option virtualFolders="CMake Files\;"/>
		<Build>
			<Target title="all">
				<Option working_dir="/home/barrachina/Documents/MIMAC/CYUSB3KIT-003_with_SP605_xilinx/testing_cpp_code"/>
				<Option type="4"/>
				<MakeCommands>
					<Build command="/usr/bin/make -f &quot;/home/barrachina/Documents/MIMAC/CYUSB3KIT-003_with_SP605_xilinx/testing_cpp_code/Makefile&quot;  VERBOSE=1 all"/>
					<CompileFile command="/usr/bin/make -f &quot;/home/barrachina/Documents/MIMAC/CYUSB3KIT-003_with_SP605_xilinx/testing_cpp_code/Makefile&quot;  VERBOSE=1 &quot;$file&quot;"/>
					<Clean command="/usr/bin/make -f &quot;/home/barrachina/Documents/MIMAC/CYUSB3KIT-003_with_SP605_xilinx/testing_cpp_code/Makefile&quot;  VERBOSE=1 clean"/>
					<DistClean command="/usr/bin/make -f &quot;/home/barrachina/Documents/MIMAC/CYUSB3KIT-003_with_SP605_xilinx/testing_cpp_code/Makefile&quot;  VERBOSE=1 clean"/>
				</MakeCommands>
			</Target>
			<Target title="rebuild_cache">
				<Option working_dir="/home/barrachina/Documents/MIMAC/CYUSB3KIT-003_with_SP605_xilinx/testing_cpp_code"/>
				<Option type="4"/>
				<MakeCommands>
					<Build command="/usr/bin/make -f &quot;/home/barrachina/Documents/MIMAC/CYUSB3KIT-003_with_SP605_xilinx/testing_cpp_code/Makefile&quot;  VERBOSE=1 rebuild_cache"/>
					<CompileFile command="/usr/bin/make -f &quot;/home/barrachina/Documents/MIMAC/CYUSB3KIT-003_with_SP605_xilinx/testing_cpp_code/Makefile&quot;  VERBOSE=1 &quot;$file&quot;"/>
					<Clean command="/usr/bin/make -f &quot;/home/barrachina/Documents/MIMAC/CYUSB3KIT-003_with_SP605_xilinx/testing_cpp_code/Makefile&quot;  VERBOSE=1 clean"/>
					<DistClean command="/usr/bin/make -f &quot;/home/barrachina/Documents/MIMAC/CYUSB3KIT-003_with_SP605_xilinx/testing_cpp_code/Makefile&quot;  VERBOSE=1 clean"/>
				</MakeCommands>
			</Target>
			<Target title="testing_cpp_code">
				<Option output="/home/barrachina/Documents/MIMAC/CYUSB3KIT-003_with_SP605_xilinx/testing_cpp_code/testing_cpp_code" prefix_auto="0" extension_auto="0"/>
				<Option working_dir="/home/barrachina/Documents/MIMAC/CYUSB3KIT-003_with_SP605_xilinx/testing_cpp_code"/>
				<Option object_output="./"/>
				<Option type="1"/>
				<Option compiler="gcc"/>
				<Compiler/>
				<MakeCommands>
					<Build command="/usr/bin/make -f &quot;/home/barrachina/Documents/MIMAC/CYUSB3KIT-003_with_SP605_xilinx/testing_cpp_code/Makefile&quot;  VERBOSE=1 testing_cpp_code"/>
					<CompileFile command="/usr/bin/make -f &quot;/home/barrachina/Documents/MIMAC/CYUSB3KIT-003_with_SP605_xilinx/testing_cpp_code/Makefile&quot;  VERBOSE=1 &quot;$file&quot;"/>
					<Clean command="/usr/bin/make -f &quot;/home/barrachina/Documents/MIMAC/CYUSB3KIT-003_with_SP605_xilinx/testing_cpp_code/Makefile&quot;  VERBOSE=1 clean"/>
					<DistClean command="/usr/bin/make -f &quot;/home/barrachina/Documents/MIMAC/CYUSB3KIT-003_with_SP605_xilinx/testing_cpp_code/Makefile&quot;  VERBOSE=1 clean"/>
				</MakeCommands>
			</Target>
			<Target title="testing_cpp_code/fast">
				<Option output="/home/barrachina/Documents/MIMAC/CYUSB3KIT-003_with_SP605_xilinx/testing_cpp_code/testing_cpp_code" prefix_auto="0" extension_auto="0"/>
				<Option working_dir="/home/barrachina/Documents/MIMAC/CYUSB3KIT-003_with_SP605_xilinx/testing_cpp_code"/>
				<Option object_output="./"/>
				<Option type="1"/>
				<Option compiler="gcc"/>
				<Compiler/>
				<MakeCommands>
					<Build command="/usr/bin/make -f &quot;/home/barrachina/Documents/MIMAC/CYUSB3KIT-003_with_SP605_xilinx/testing_cpp_code/Makefile&quot;  VERBOSE=1 testing_cpp_code/fast"/>
					<CompileFile command="/usr/bin/make -f &quot;/home/barrachina/Documents/MIMAC/CYUSB3KIT-003_with_SP605_xilinx/testing_cpp_code/Makefile&quot;  VERBOSE=1 &quot;$file&quot;"/>
					<Clean command="/usr/bin/make -f &quot;/home/barrachina/Documents/MIMAC/CYUSB3KIT-003_with_SP605_xilinx/testing_cpp_code/Makefile&quot;  VERBOSE=1 clean"/>
					<DistClean command="/usr/bin/make -f &quot;/home/barrachina/Documents/MIMAC/CYUSB3KIT-003_with_SP605_xilinx/testing_cpp_code/Makefile&quot;  VERBOSE=1 clean"/>
				</MakeCommands>
			</Target>
			<Target title="edit_cache">
				<Option working_dir="/home/barrachina/Documents/MIMAC/CYUSB3KIT-003_with_SP605_xilinx/testing_cpp_code"/>
				<Option type="4"/>
				<MakeCommands>
					<Build command="/usr/bin/make -f &quot;/home/barrachina/Documents/MIMAC/CYUSB3KIT-003_with_SP605_xilinx/testing_cpp_code/Makefile&quot;  VERBOSE=1 edit_cache"/>
					<CompileFile command="/usr/bin/make -f &quot;/home/barrachina/Documents/MIMAC/CYUSB3KIT-003_with_SP605_xilinx/testing_cpp_code/Makefile&quot;  VERBOSE=1 &quot;$file&quot;"/>
					<Clean command="/usr/bin/make -f &quot;/home/barrachina/Documents/MIMAC/CYUSB3KIT-003_with_SP605_xilinx/testing_cpp_code/Makefile&quot;  VERBOSE=1 clean"/>
					<DistClean command="/usr/bin/make -f &quot;/home/barrachina/Documents/MIMAC/CYUSB3KIT-003_with_SP605_xilinx/testing_cpp_code/Makefile&quot;  VERBOSE=1 clean"/>
				</MakeCommands>
			</Target>
		</Build>
		<Unit filename="/home/barrachina/Documents/MIMAC/CYUSB3KIT-003_with_SP605_xilinx/testing_cpp_code/include/MimacUSB3Connection.device_handle">
			<Option target="testing_cpp_code"/>
		</Unit>
		<Unit filename="/home/barrachina/Documents/MIMAC/CYUSB3KIT-003_with_SP605_xilinx/testing_cpp_code/include/cyusb.device_handle">
			<Option target="testing_cpp_code"/>
		</Unit>
		<Unit filename="/home/barrachina/Documents/MIMAC/CYUSB3KIT-003_with_SP605_xilinx/testing_cpp_code/main.cpp">
			<Option target="testing_cpp_code"/>
		</Unit>
		<Unit filename="/home/barrachina/Documents/MIMAC/CYUSB3KIT-003_with_SP605_xilinx/testing_cpp_code/src/MimacUSB3Connection.cpp">
			<Option target="testing_cpp_code"/>
		</Unit>
		<Unit filename="/home/barrachina/Documents/MIMAC/CYUSB3KIT-003_with_SP605_xilinx/testing_cpp_code/src/libcyusb.cpp">
			<Option target="testing_cpp_code"/>
		</Unit>
		<Unit filename="/home/barrachina/Documents/MIMAC/CYUSB3KIT-003_with_SP605_xilinx/testing_cpp_code/CMakeLists.txt">
			<Option virtualFolder="CMake Files\"/>
		</Unit>
	</Project>
</CodeBlocks_project_file>
